// !$*UTF8*$!
{
	archiveVersion = 1;
	classes = {
	};
	objectVersion = 50;
	objects = {

/* Begin PBXBuildFile section */
		CF015498248D98A2004D0027 /* AppDelegate.swift in Sources */ = {isa = PBXBuildFile; fileRef = CF015497248D98A2004D0027 /* AppDelegate.swift */; };
		CF01549A248D98A2004D0027 /* SceneDelegate.swift in Sources */ = {isa = PBXBuildFile; fileRef = CF015499248D98A2004D0027 /* SceneDelegate.swift */; };
		CF01549C248D98A2004D0027 /* ViewController.swift in Sources */ = {isa = PBXBuildFile; fileRef = CF01549B248D98A2004D0027 /* ViewController.swift */; };
		CF01549F248D98A2004D0027 /* Main.storyboard in Resources */ = {isa = PBXBuildFile; fileRef = CF01549D248D98A2004D0027 /* Main.storyboard */; };
		CF0154A1248D98A7004D0027 /* Assets.xcassets in Resources */ = {isa = PBXBuildFile; fileRef = CF0154A0248D98A7004D0027 /* Assets.xcassets */; };
		CF0154A4248D98A7004D0027 /* LaunchScreen.storyboard in Resources */ = {isa = PBXBuildFile; fileRef = CF0154A2248D98A7004D0027 /* LaunchScreen.storyboard */; };
		CF0154AC248D9A57004D0027 /* GifExtension.swift in Sources */ = {isa = PBXBuildFile; fileRef = CF0154AB248D9A57004D0027 /* GifExtension.swift */; };
		CF0154AE248D9DF2004D0027 /* GifCell.swift in Sources */ = {isa = PBXBuildFile; fileRef = CF0154AD248D9DF2004D0027 /* GifCell.swift */; };
		CF0154B0248DA096004D0027 /* GifNetwork.swift in Sources */ = {isa = PBXBuildFile; fileRef = CF0154AF248DA096004D0027 /* GifNetwork.swift */; };
		CF0154B6248DA203004D0027 /* Gif.swift in Sources */ = {isa = PBXBuildFile; fileRef = CF0154B5248DA203004D0027 /* Gif.swift */; };
/* End PBXBuildFile section */

/* Begin PBXFileReference section */
		CF015494248D98A2004D0027 /* GiphySearchIOS.app */ = {isa = PBXFileReference; explicitFileType = wrapper.application; includeInIndex = 0; path = GiphySearchIOS.app; sourceTree = BUILT_PRODUCTS_DIR; };
		CF015497248D98A2004D0027 /* AppDelegate.swift */ = {isa = PBXFileReference; lastKnownFileType = sourcecode.swift; path = AppDelegate.swift; sourceTree = "<group>"; };
		CF015499248D98A2004D0027 /* SceneDelegate.swift */ = {isa = PBXFileReference; lastKnownFileType = sourcecode.swift; path = SceneDelegate.swift; sourceTree = "<group>"; };
		CF01549B248D98A2004D0027 /* ViewController.swift */ = {isa = PBXFileReference; lastKnownFileType = sourcecode.swift; path = ViewController.swift; sourceTree = "<group>"; };
		CF01549E248D98A2004D0027 /* Base */ = {isa = PBXFileReference; lastKnownFileType = file.storyboard; name = Base; path = Base.lproj/Main.storyboard; sourceTree = "<group>"; };
		CF0154A0248D98A7004D0027 /* Assets.xcassets */ = {isa = PBXFileReference; lastKnownFileType = folder.assetcatalog; path = Assets.xcassets; sourceTree = "<group>"; };
		CF0154A3248D98A7004D0027 /* Base */ = {isa = PBXFileReference; lastKnownFileType = file.storyboard; name = Base; path = Base.lproj/LaunchScreen.storyboard; sourceTree = "<group>"; };
		CF0154A5248D98A7004D0027 /* Info.plist */ = {isa = PBXFileReference; lastKnownFileType = text.plist.xml; path = Info.plist; sourceTree = "<group>"; };
		CF0154AB248D9A57004D0027 /* GifExtension.swift */ = {isa = PBXFileReference; fileEncoding = 4; lastKnownFileType = sourcecode.swift; path = GifExtension.swift; sourceTree = "<group>"; };
		CF0154AD248D9DF2004D0027 /* GifCell.swift */ = {isa = PBXFileReference; lastKnownFileType = sourcecode.swift; path = GifCell.swift; sourceTree = "<group>"; };
		CF0154AF248DA096004D0027 /* GifNetwork.swift */ = {isa = PBXFileReference; lastKnownFileType = sourcecode.swift; path = GifNetwork.swift; sourceTree = "<group>"; };
		CF0154B5248DA203004D0027 /* Gif.swift */ = {isa = PBXFileReference; lastKnownFileType = sourcecode.swift; path = Gif.swift; sourceTree = "<group>"; };
/* End PBXFileReference section */

/* Begin PBXFrameworksBuildPhase section */
		CF015491248D98A2004D0027 /* Frameworks */ = {
			isa = PBXFrameworksBuildPhase;
			buildActionMask = 2147483647;
			files = (
			);
			runOnlyForDeploymentPostprocessing = 0;
		};
/* End PBXFrameworksBuildPhase section */

/* Begin PBXGroup section */
		CF01548B248D98A2004D0027 = {
			isa = PBXGroup;
			children = (
				CF015496248D98A2004D0027 /* GiphySearchIOS */,
				CF015495248D98A2004D0027 /* Products */,
			);
			sourceTree = "<group>";
		};
		CF015495248D98A2004D0027 /* Products */ = {
			isa = PBXGroup;
			children = (
				CF015494248D98A2004D0027 /* GiphySearchIOS.app */,
			);
			name = Products;
			sourceTree = "<group>";
		};
		CF015496248D98A2004D0027 /* GiphySearchIOS */ = {
			isa = PBXGroup;
			children = (
				CF0154B4248DA0BB004D0027 /* Models */,
				CF0154B3248DA0B4004D0027 /* Views */,
				CF0154B2248DA0AC004D0027 /* Controllers */,
				CF0154B1248DA09D004D0027 /* Extensions */,
				CF015497248D98A2004D0027 /* AppDelegate.swift */,
				CF015499248D98A2004D0027 /* SceneDelegate.swift */,
				CF01549D248D98A2004D0027 /* Main.storyboard */,
				CF0154A0248D98A7004D0027 /* Assets.xcassets */,
				CF0154A2248D98A7004D0027 /* LaunchScreen.storyboard */,
				CF0154A5248D98A7004D0027 /* Info.plist */,
			);
			path = GiphySearchIOS;
			sourceTree = "<group>";
		};
		CF0154B1248DA09D004D0027 /* Extensions */ = {
			isa = PBXGroup;
			children = (
				CF0154AB248D9A57004D0027 /* GifExtension.swift */,
			);
			path = Extensions;
			sourceTree = "<group>";
		};
		CF0154B2248DA0AC004D0027 /* Controllers */ = {
			isa = PBXGroup;
			children = (
				CF01549B248D98A2004D0027 /* ViewController.swift */,
			);
			path = Controllers;
			sourceTree = "<group>";
		};
		CF0154B3248DA0B4004D0027 /* Views */ = {
			isa = PBXGroup;
			children = (
				CF0154AD248D9DF2004D0027 /* GifCell.swift */,
			);
			path = Views;
			sourceTree = "<group>";
		};
		CF0154B4248DA0BB004D0027 /* Models */ = {
			isa = PBXGroup;
			children = (
				CF0154AF248DA096004D0027 /* GifNetwork.swift */,
				CF0154B5248DA203004D0027 /* Gif.swift */,
			);
			path = Models;
			sourceTree = "<group>";
		};
/* End PBXGroup section */

/* Begin PBXNativeTarget section */
		CF015493248D98A2004D0027 /* GiphySearchIOS */ = {
			isa = PBXNativeTarget;
			buildConfigurationList = CF0154A8248D98A7004D0027 /* Build configuration list for PBXNativeTarget "GiphySearchIOS" */;
			buildPhases = (
				CF015490248D98A2004D0027 /* Sources */,
				CF015491248D98A2004D0027 /* Frameworks */,
				CF015492248D98A2004D0027 /* Resources */,
			);
			buildRules = (
			);
			dependencies = (
			);
			name = GiphySearchIOS;
			productName = GiphySearchIOS;
			productReference = CF015494248D98A2004D0027 /* GiphySearchIOS.app */;
			productType = "com.apple.product-type.application";
		};
/* End PBXNativeTarget section */

/* Begin PBXProject section */
		CF01548C248D98A2004D0027 /* Project object */ = {
			isa = PBXProject;
			attributes = {
				LastSwiftUpdateCheck = 1130;
				LastUpgradeCheck = 1130;
				ORGANIZATIONNAME = "Anika Morris";
				TargetAttributes = {
					CF015493248D98A2004D0027 = {
						CreatedOnToolsVersion = 11.3.1;
					};
				};
			};
			buildConfigurationList = CF01548F248D98A2004D0027 /* Build configuration list for PBXProject "GiphySearchIOS" */;
			compatibilityVersion = "Xcode 9.3";
			developmentRegion = en;
			hasScannedForEncodings = 0;
			knownRegions = (
				en,
				Base,
			);
			mainGroup = CF01548B248D98A2004D0027;
			productRefGroup = CF015495248D98A2004D0027 /* Products */;
			projectDirPath = "";
			projectRoot = "";
			targets = (
				CF015493248D98A2004D0027 /* GiphySearchIOS */,
			);
		};
/* End PBXProject section */

/* Begin PBXResourcesBuildPhase section */
		CF015492248D98A2004D0027 /* Resources */ = {
			isa = PBXResourcesBuildPhase;
			buildActionMask = 2147483647;
			files = (
				CF0154A4248D98A7004D0027 /* LaunchScreen.storyboard in Resources */,
				CF0154A1248D98A7004D0027 /* Assets.xcassets in Resources */,
				CF01549F248D98A2004D0027 /* Main.storyboard in Resources */,
			);
			runOnlyForDeploymentPostprocessing = 0;
		};
/* End PBXResourcesBuildPhase section */

/* Begin PBXSourcesBuildPhase section */
		CF015490248D98A2004D0027 /* Sources */ = {
			isa = PBXSourcesBuildPhase;
			buildActionMask = 2147483647;
			files = (
				CF0154AC248D9A57004D0027 /* GifExtension.swift in Sources */,
				CF01549C248D98A2004D0027 /* ViewController.swift in Sources */,
				CF0154AE248D9DF2004D0027 /* GifCell.swift in Sources */,
				CF015498248D98A2004D0027 /* AppDelegate.swift in Sources */,
				CF01549A248D98A2004D0027 /* SceneDelegate.swift in Sources */,
				CF0154B6248DA203004D0027 /* Gif.swift in Sources */,
				CF0154B0248DA096004D0027 /* GifNetwork.swift in Sources */,
			);
			runOnlyForDeploymentPostprocessing = 0;
		};
/* End PBXSourcesBuildPhase section */

/* Begin PBXVariantGroup section */
		CF01549D248D98A2004D0027 /* Main.storyboard */ = {
			isa = PBXVariantGroup;
			children = (
				CF01549E248D98A2004D0027 /* Base */,
			);
			name = Main.storyboard;
			sourceTree = "<group>";
		};
		CF0154A2248D98A7004D0027 /* LaunchScreen.storyboard */ = {
			isa = PBXVariantGroup;
			children = (
				CF0154A3248D98A7004D0027 /* Base */,
			);
			name = LaunchScreen.storyboard;
			sourceTree = "<group>";
		};
/* End PBXVariantGroup section */

/* Begin XCBuildConfiguration section */
		CF0154A6248D98A7004D0027 /* Debug */ = {
			isa = XCBuildConfiguration;
			buildSettings = {
				ALWAYS_SEARCH_USER_PATHS = NO;
				CLANG_ANALYZER_NONNULL = YES;
				CLANG_ANALYZER_NUMBER_OBJECT_CONVERSION = YES_AGGRESSIVE;
				CLANG_CXX_LANGUAGE_STANDARD = "gnu++14";
				CLANG_CXX_LIBRARY = "libc++";
				CLANG_ENABLE_MODULES = YES;
				CLANG_ENABLE_OBJC_ARC = YES;
				CLANG_ENABLE_OBJC_WEAK = YES;
				CLANG_WARN_BLOCK_CAPTURE_AUTORELEASING = YES;
				CLANG_WARN_BOOL_CONVERSION = YES;
				CLANG_WARN_COMMA = YES;
				CLANG_WARN_CONSTANT_CONVERSION = YES;
				CLANG_WARN_DEPRECATED_OBJC_IMPLEMENTATIONS = YES;
				CLANG_WARN_DIRECT_OBJC_ISA_USAGE = YES_ERROR;
				CLANG_WARN_DOCUMENTATION_COMMENTS = YES;
				CLANG_WARN_EMPTY_BODY = YES;
				CLANG_WARN_ENUM_CONVERSION = YES;
				CLANG_WARN_INFINITE_RECURSION = YES;
				CLANG_WARN_INT_CONVERSION = YES;
				CLANG_WARN_NON_LITERAL_NULL_CONVERSION = YES;
				CLANG_WARN_OBJC_IMPLICIT_RETAIN_SELF = YES;
				CLANG_WARN_OBJC_LITERAL_CONVERSION = YES;
				CLANG_WARN_OBJC_ROOT_CLASS = YES_ERROR;
				CLANG_WARN_RANGE_LOOP_ANALYSIS = YES;
				CLANG_WARN_STRICT_PROTOTYPES = YES;
				CLANG_WARN_SUSPICIOUS_MOVE = YES;
				CLANG_WARN_UNGUARDED_AVAILABILITY = YES_AGGRESSIVE;
				CLANG_WARN_UNREACHABLE_CODE = YES;
				CLANG_WARN__DUPLICATE_METHOD_MATCH = YES;
				COPY_PHASE_STRIP = NO;
				DEBUG_INFORMATION_FORMAT = dwarf;
				ENABLE_STRICT_OBJC_MSGSEND = YES;
				ENABLE_TESTABILITY = YES;
				GCC_C_LANGUAGE_STANDARD = gnu11;
				GCC_DYNAMIC_NO_PIC = NO;
				GCC_NO_COMMON_BLOCKS = YES;
				GCC_OPTIMIZATION_LEVEL = 0;
				GCC_PREPROCESSOR_DEFINITIONS = (
					"DEBUG=1",
					"$(inherited)",
				);
				GCC_WARN_64_TO_32_BIT_CONVERSION = YES;
				GCC_WARN_ABOUT_RETURN_TYPE = YES_ERROR;
				GCC_WARN_UNDECLARED_SELECTOR = YES;
				GCC_WARN_UNINITIALIZED_AUTOS = YES_AGGRESSIVE;
				GCC_WARN_UNUSED_FUNCTION = YES;
				GCC_WARN_UNUSED_VARIABLE = YES;
				IPHONEOS_DEPLOYMENT_TARGET = 13.2;
				MTL_ENABLE_DEBUG_INFO = INCLUDE_SOURCE;
				MTL_FAST_MATH = YES;
				ONLY_ACTIVE_ARCH = YES;
				SDKROOT = iphoneos;
				SWIFT_ACTIVE_COMPILATION_CONDITIONS = DEBUG;
				SWIFT_OPTIMIZATION_LEVEL = "-Onone";
			};
			name = Debug;
		};
		CF0154A7248D98A7004D0027 /* Release */ = {
			isa = XCBuildConfiguration;
			buildSettings = {
				ALWAYS_SEARCH_USER_PATHS = NO;
				CLANG_ANALYZER_NONNULL = YES;
				CLANG_ANALYZER_NUMBER_OBJECT_CONVERSION = YES_AGGRESSIVE;
				CLANG_CXX_LANGUAGE_STANDARD = "gnu++14";
				CLANG_CXX_LIBRARY = "libc++";
				CLANG_ENABLE_MODULES = YES;
				CLANG_ENABLE_OBJC_ARC = YES;
				CLANG_ENABLE_OBJC_WEAK = YES;
				CLANG_WARN_BLOCK_CAPTURE_AUTORELEASING = YES;
				CLANG_WARN_BOOL_CONVERSION = YES;
				CLANG_WARN_COMMA = YES;
				CLANG_WARN_CONSTANT_CONVERSION = YES;
				CLANG_WARN_DEPRECATED_OBJC_IMPLEMENTATIONS = YES;
				CLANG_WARN_DIRECT_OBJC_ISA_USAGE = YES_ERROR;
				CLANG_WARN_DOCUMENTATION_COMMENTS = YES;
				CLANG_WARN_EMPTY_BODY = YES;
				CLANG_WARN_ENUM_CONVERSION = YES;
				CLANG_WARN_INFINITE_RECURSION = YES;
				CLANG_WARN_INT_CONVERSION = YES;
				CLANG_WARN_NON_LITERAL_NULL_CONVERSION = YES;
				CLANG_WARN_OBJC_IMPLICIT_RETAIN_SELF = YES;
				CLANG_WARN_OBJC_LITERAL_CONVERSION = YES;
				CLANG_WARN_OBJC_ROOT_CLASS = YES_ERROR;
				CLANG_WARN_RANGE_LOOP_ANALYSIS = YES;
				CLANG_WARN_STRICT_PROTOTYPES = YES;
				CLANG_WARN_SUSPICIOUS_MOVE = YES;
				CLANG_WARN_UNGUARDED_AVAILABILITY = YES_AGGRESSIVE;
				CLANG_WARN_UNREACHABLE_CODE = YES;
				CLANG_WARN__DUPLICATE_METHOD_MATCH = YES;
				COPY_PHASE_STRIP = NO;
				DEBUG_INFORMATION_FORMAT = "dwarf-with-dsym";
				ENABLE_NS_ASSERTIONS = NO;
				ENABLE_STRICT_OBJC_MSGSEND = YES;
				GCC_C_LANGUAGE_STANDARD = gnu11;
				GCC_NO_COMMON_BLOCKS = YES;
				GCC_WARN_64_TO_32_BIT_CONVERSION = YES;
				GCC_WARN_ABOUT_RETURN_TYPE = YES_ERROR;
				GCC_WARN_UNDECLARED_SELECTOR = YES;
				GCC_WARN_UNINITIALIZED_AUTOS = YES_AGGRESSIVE;
				GCC_WARN_UNUSED_FUNCTION = YES;
				GCC_WARN_UNUSED_VARIABLE = YES;
				IPHONEOS_DEPLOYMENT_TARGET = 13.2;
				MTL_ENABLE_DEBUG_INFO = NO;
				MTL_FAST_MATH = YES;
				SDKROOT = iphoneos;
				SWIFT_COMPILATION_MODE = wholemodule;
				SWIFT_OPTIMIZATION_LEVEL = "-O";
				VALIDATE_PRODUCT = YES;
			};
			name = Release;
		};
		CF0154A9248D98A7004D0027 /* Debug */ = {
			isa = XCBuildConfiguration;
			buildSettings = {
				ASSETCATALOG_COMPILER_APPICON_NAME = AppIcon;
				CODE_SIGN_STYLE = Automatic;
				DEVELOPMENT_TEAM = HXYM5H2DXG;
				INFOPLIST_FILE = GiphySearchIOS/Info.plist;
				LD_RUNPATH_SEARCH_PATHS = (
					"$(inherited)",
					"@executable_path/Frameworks",
				);
				PRODUCT_BUNDLE_IDENTIFIER = com.anikamorris.GiphySearchIOS;
				PRODUCT_NAME = "$(TARGET_NAME)";
				SWIFT_VERSION = 5.0;
				TARGETED_DEVICE_FAMILY = "1,2";
			};
			name = Debug;
		};
		CF0154AA248D98A7004D0027 /* Release */ = {
			isa = XCBuildConfiguration;
			buildSettings = {
				ASSETCATALOG_COMPILER_APPICON_NAME = AppIcon;
				CODE_SIGN_STYLE = Automatic;
				DEVELOPMENT_TEAM = HXYM5H2DXG;
				INFOPLIST_FILE = GiphySearchIOS/Info.plist;
				LD_RUNPATH_SEARCH_PATHS = (
					"$(inherited)",
					"@executable_path/Frameworks",
				);
				PRODUCT_BUNDLE_IDENTIFIER = com.anikamorris.GiphySearchIOS;
				PRODUCT_NAME = "$(TARGET_NAME)";
				SWIFT_VERSION = 5.0;
				TARGETED_DEVICE_FAMILY = "1,2";
			};
			name = Release;
		};
/* End XCBuildConfiguration section */

/* Begin XCConfigurationList section */
		CF01548F248D98A2004D0027 /* Build configuration list for PBXProject "GiphySearchIOS" */ = {
			isa = XCConfigurationList;
			buildConfigurations = (
				CF0154A6248D98A7004D0027 /* Debug */,
				CF0154A7248D98A7004D0027 /* Release */,
			);
			defaultConfigurationIsVisible = 0;
			defaultConfigurationName = Release;
		};
		CF0154A8248D98A7004D0027 /* Build configuration list for PBXNativeTarget "GiphySearchIOS" */ = {
			isa = XCConfigurationList;
			buildConfigurations = (
				CF0154A9248D98A7004D0027 /* Debug */,
				CF0154AA248D98A7004D0027 /* Release */,
			);
			defaultConfigurationIsVisible = 0;
			defaultConfigurationName = Release;
		};
/* End XCConfigurationList section */
	};
	rootObject = CF01548C248D98A2004D0027 /* Project object */;
}
